{
  "name": "bizhub_mobile",
  "lockfileVersion": 3,
  "requires": true,
  "packages": {
    "": {
      "dependencies": {
        "android": "^0.0.8",
        "ios": "^0.0.1"
      }
    },
    "node_modules/android": {
      "version": "0.0.8",
      "resolved": "https://registry.npmjs.org/android/-/android-0.0.8.tgz",
      "integrity": "sha512-cMasrXpHR6APDMSTu5JNMTL37GjYbcC9Uz2cyExSnr0f6XanNhPW3+iavHqRmfNW0QlM4kjZQa2epTjpyZcdjQ==",
      "license": "BSD"
    },
    "node_modules/ios": {
      "version": "0.0.1",
      "resolved": "https://registry.npmjs.org/ios/-/ios-0.0.1.tgz",
      "integrity": "sha512-yhzNDf7dFMzay0eC+geyoDWUV335S17HiOQ3PumOhRn8SIFrjx6RhdVRs4dqCaw9emlhWPzuSk5o10ziUdOrWQ==",
      "license": "mit"
    }
  }
}
